
Microsoft Visual Studio Solution File, Format Version 12.00
# Visual Studio Version 16
VisualStudioVersion = 16.0.33130.400
MinimumVisualStudioVersion = 10.0.40219.1
Project("{FAE04EC0-301F-11D3-BF4B-00C04F79EFBC}") = "WpfApp1", "WpfApp1\WpfApp1.csproj", "{CA59F8D1-22AC-4DA6-9CF4-42341CA94F8F}"
EndProject
Global
	GlobalSection(SolutionConfigurationPlatforms) = preSolution
		Debug|Any CPU = Debug|Any CPU
		Release|Any CPU = Release|Any CPU
	EndGlobalSection
	GlobalSection(ProjectConfigurationPlatforms) = postSolution
		{CA59F8D1-22AC-4DA6-9CF4-42341CA94F8F}.Debug|Any CPU.ActiveCfg = Debug|Any CPU
		{CA59F8D1-22AC-4DA6-9CF4-42341CA94F8F}.Debug|Any CPU.Build.0 = Debug|Any CPU
		{CA59F8D1-22AC-4DA6-9CF4-42341CA94F8F}.Release|Any CPU.ActiveCfg = Release|Any CPU
		{CA59F8D1-22AC-4DA6-9CF4-42341CA94F8F}.Release|Any CPU.Build.0 = Release|Any CPU
	EndGlobalSection
	GlobalSection(SolutionProperties) = preSolution
		HideSolutionNode = FALSE
	EndGlobalSection
	GlobalSection(ExtensibilityGlobals) = postSolution
		SolutionGuid = {66E76F1E-560A-400C-9646-E96F0339B45F}
	EndGlobalSection
EndGlobal
